
Microsoft Visual Studio Solution File, Format Version 12.00
# Visual Studio 15
VisualStudioVersion = 15.0.28010.2019
MinimumVisualStudioVersion = 10.0.40219.1
Project("{FAE04EC0-301F-11D3-BF4B-00C04F79EFBC}") = "dezi-clean", "dezi-clean\dezi-clean.csproj", "{4924B6DC-5F6A-4773-A6FC-AD0E73683F12}"
EndProject
Global
	GlobalSection(SolutionConfigurationPlatforms) = preSolution
		Debug|Any CPU = Debug|Any CPU
		Release|Any CPU = Release|Any CPU
	EndGlobalSection
	GlobalSection(ProjectConfigurationPlatforms) = postSolution
		{4924B6DC-5F6A-4773-A6FC-AD0E73683F12}.Debug|Any CPU.ActiveCfg = Debug|Any CPU
		{4924B6DC-5F6A-4773-A6FC-AD0E73683F12}.Debug|Any CPU.Build.0 = Debug|Any CPU
		{4924B6DC-5F6A-4773-A6FC-AD0E73683F12}.Release|Any CPU.ActiveCfg = Release|Any CPU
		{4924B6DC-5F6A-4773-A6FC-AD0E73683F12}.Release|Any CPU.Build.0 = Release|Any CPU
	EndGlobalSection
	GlobalSection(SolutionProperties) = preSolution
		HideSolutionNode = FALSE
	EndGlobalSection
	GlobalSection(ExtensibilityGlobals) = postSolution
		SolutionGuid = {53DE51D5-79BA-4220-9441-D0535660B272}
	EndGlobalSection
EndGlobal
